{
  "name": "backend",
  "lockfileVersion": 3,
  "requires": true,
  "packages": {
    "": {
      "dependencies": {
        "motor": "^0.1.4"
      }
    },
    "node_modules/acorn": {
      "version": "7.4.1",
      "resolved": "https://registry.npmjs.org/acorn/-/acorn-7.4.1.tgz",
      "integrity": "sha512-nQyp0o1/mNdbTO1PO6kHkwSrmgZ0MT/jCCpNiwbUjGoRN4dlBhqJtoQuCnEOKzgTVwg0ZWiCoQy6SxMebQVh8A==",
      "bin": {
        "acorn": "bin/acorn"
      },
      "engines": {
        "node": ">=0.4.0"
      }
    },
    "node_modules/amdefine": {
      "version": "1.0.1",
      "resolved": "https://registry.npmjs.org/amdefine/-/amdefine-1.0.1.tgz",
      "integrity": "sha512-S2Hw0TtNkMJhIabBwIojKL9YHO5T0n5eNqWJ7Lrlel/zDbftQpxpapi8tZs3X1HWa+u+QeydGmzzNU0m09+Rcg==",
      "engines": {
        "node": ">=0.4.2"
      }
    },
    "node_modules/army-knife": {
      "version": "0.2.3",
      "resolved": "https://registry.npmjs.org/army-knife/-/army-knife-0.2.3.tgz",
      "integrity": "sha512-Zr+xBMfhDYfzY9118P3zqTN8pe4i/bYRJU3xBkqrbn/6xfInC7OaOjsOVLHvfSdhF6LqRpzIubA2h61TTRIg+Q=="
    },
    "node_modules/atob": {
      "version": "1.1.3",
      "resolved": "https://registry.npmjs.org/atob/-/atob-1.1.3.tgz",
      "integrity": "sha512-RNyeNvFvPp+PQFx8+mttPY0KJ6wN+nkhWDp32I7iTElJyOkUaJ4Se7WRN7PsEFwGx9CONsuwjrrMNgV4AtZ44w==",
      "bin": {
        "atob": "bin/atob.js"
      },
      "engines": {
        "node": ">= 0.4.0"
      }
    },
    "node_modules/browserify-transform-tools": {
      "version": "1.7.0",
      "resolved": "https://registry.npmjs.org/browserify-transform-tools/-/browserify-transform-tools-1.7.0.tgz",
      "integrity": "sha512-D4/vMGx4ILHI/+Qokdo2x7cxPJqy7uXt0zugOBbDvnCcrQL9/WrgK71GJgrNHF/L4XLErA4cMGlTVmc2sICRnA==",
      "dependencies": {
        "falafel": "^2.0.0",
        "through": "^2.3.7"
      }
    },
    "node_modules/commander": {
      "version": "2.5.0",
      "resolved": "https://registry.npmjs.org/commander/-/commander-2.5.0.tgz",
      "integrity": "sha512-OWTkyOHhPiThmSv9jA4mIx9Bf27sG8MZb/c7FR5nuOEuQzCIzIaUAIopbDODfg+CBem64FtiYj8t+G+3NGuQZw==",
      "engines": {
        "node": ">= 0.6.x"
      }
    },
    "node_modules/css": {
      "version": "2.1.0",
      "resolved": "https://registry.npmjs.org/css/-/css-2.1.0.tgz",
      "integrity": "sha512-sww+MBwZhW9lff4uFhp/xSl70WxfgN0E5pKJwbbL2ljxscGPWvvHJtjf+n1Xql3JeRojdl0y07F34kJMk6GQLA==",
      "dependencies": {
        "inherits": "^2.0.1",
        "source-map": "^0.1.38",
        "source-map-resolve": "^0.3.0",
        "urix": "^0.1.0"
      }
    },
    "node_modules/css/node_modules/source-map": {
      "version": "0.1.43",
      "resolved": "https://registry.npmjs.org/source-map/-/source-map-0.1.43.tgz",
      "integrity": "sha512-VtCvB9SIQhk3aF6h+N85EaqIaBFIAfZ9Cu+NJHHVvc8BbEcnvDcFw6sqQ2dQrT6SlOrZq3tIvyD9+EGq/lJryQ==",
      "dependencies": {
        "amdefine": ">=0.0.4"
      },
      "engines": {
        "node": ">=0.8.0"
      }
    },
    "node_modules/cssify": {
      "version": "0.7.0",
      "resolved": "https://registry.npmjs.org/cssify/-/cssify-0.7.0.tgz",
      "integrity": "sha512-TZ+EKent7+xG61iz+7zlmBvqgVY4N631vH3CsY1bgvc1C5YcJ4VmrHYX7b101OO25cSc+qyCroroteSogZFujw==",
      "dependencies": {
        "through": "~2.3.4"
      }
    },
    "node_modules/deamdify": {
      "version": "0.1.1",
      "resolved": "https://registry.npmjs.org/deamdify/-/deamdify-0.1.1.tgz",
      "integrity": "sha512-etBenrS/sjtaUsj2rEfvus6axid42VnYIBzYrXMkdKcRS1ltzcf7llBhfMZMJw8zOtc1N093hNiyaFpeenUI2w==",
      "dependencies": {
        "escodegen": "0.0.x",
        "esprima": "1.x.x",
        "estraverse": "1.x.x",
        "through": "2.x.x"
      },
      "engines": {
        "node": ">= 0.6.0"
      }
    },
    "node_modules/escodegen": {
      "version": "0.0.28",
      "resolved": "https://registry.npmjs.org/escodegen/-/escodegen-0.0.28.tgz",
      "integrity": "sha512-6ioQhg16lFs5c7XJlJFXIDxBjO4yRvXC9yK6dLNNGuhI3a/fJukHanPF6qtpjGDgAFzI8Wuq3PSIarWmaOq/5A==",
      "dependencies": {
        "esprima": "~1.0.2",
        "estraverse": "~1.3.0"
      },
      "bin": {
        "escodegen": "bin/escodegen.js",
        "esgenerate": "bin/esgenerate.js"
      },
      "engines": {
        "node": ">=0.4.0"
      },
      "optionalDependencies": {
        "source-map": ">= 0.1.2"
      }
    },
    "node_modules/escodegen/node_modules/esprima": {
      "version": "1.0.4",
      "resolved": "https://registry.npmjs.org/esprima/-/esprima-1.0.4.tgz",
      "integrity": "sha512-rp5dMKN8zEs9dfi9g0X1ClLmV//WRyk/R15mppFNICIFRG5P92VP7Z04p8pk++gABo9W2tY+kHyu6P1mEHgmTA==",
      "bin": {
        "esparse": "bin/esparse.js",
        "esvalidate": "bin/esvalidate.js"
      },
      "engines": {
        "node": ">=0.4.0"
      }
    },
    "node_modules/escodegen/node_modules/estraverse": {
      "version": "1.3.2",
      "resolved": "https://registry.npmjs.org/estraverse/-/estraverse-1.3.2.tgz",
      "integrity": "sha512-OkbCPVUu8D9tbsLcUR+CKFRBbhZlogmkbWaP3BPERlkqzWL5Q6IdTz6eUk+b5cid2MTaCqJb2nNRGoJ8TpfPrg==",
      "engines": {
        "node": ">=0.4.0"
      }
    },
    "node_modules/esprima": {
      "version": "1.2.5",
      "resolved": "https://registry.npmjs.org/esprima/-/esprima-1.2.5.tgz",
      "integrity": "sha512-S9VbPDU0adFErpDai3qDkjq8+G05ONtKzcyNrPKg/ZKa+tf879nX2KexNU95b31UoTJjRLInNBHHHjFPoCd7lQ==",
      "bin": {
        "esparse": "bin/esparse.js",
        "esvalidate": "bin/esvalidate.js"
      },
      "engines": {
        "node": ">=0.4.0"
      }
    },
    "node_modules/estraverse": {
      "version": "1.9.3",
      "resolved": "https://registry.npmjs.org/estraverse/-/estraverse-1.9.3.tgz",
      "integrity": "sha512-25w1fMXQrGdoquWnScXZGckOv+Wes+JDnuN/+7ex3SauFRS72r2lFDec0EKPt2YD1wUJ/IrfEex+9yp4hfSOJA==",
      "engines": {
        "node": ">=0.10.0"
      }
    },
    "node_modules/falafel": {
      "version": "2.2.5",
      "resolved": "https://registry.npmjs.org/falafel/-/falafel-2.2.5.tgz",
      "integrity": "sha512-HuC1qF9iTnHDnML9YZAdCDQwT0yKl/U55K4XSUXqGAA2GLoafFgWRqdAbhWJxXaYD4pyoVxAJ8wH670jMpI9DQ==",
      "dependencies": {
        "acorn": "^7.1.1",
        "isarray": "^2.0.1"
      },
      "engines": {
        "node": ">=0.4.0"
      }
    },
    "node_modules/famous": {
      "version": "0.3.5",
      "resolved": "git+ssh://git@github.com/trusktr/famous.git#8dc309ffb44b695c221af00986039c53dbe2207c",
      "dependencies": {
        "cssify": "^0.7.0",
        "deamdify": "^0.1.1"
      }
    },
    "node_modules/famousify": {
      "version": "0.1.8",
      "resolved": "https://registry.npmjs.org/famousify/-/famousify-0.1.8.tgz",
      "integrity": "sha512-mQ8w+X/O1/VbCxRC38Tkjhl0h2cTrMi4z1tG+E/BKcAl+AxSLCqCWzikhw+oVPXobY42KPDuTGNzNm5DfV+WUw==",
      "dependencies": {
        "browserify-transform-tools": "^1.2.1",
        "resolve": "^1.0.0"
      }
    },
    "node_modules/function-bind": {
      "version": "1.1.2",
      "resolved": "https://registry.npmjs.org/function-bind/-/function-bind-1.1.2.tgz",
      "integrity": "sha512-7XHNxH7qX9xG5mIwxkhumTox/MIRNcOgDrxWsMt2pAr23WHp6MrRlN7FBSFpCpr+oVO0F744iUgR82nJMfG2SA==",
      "funding": {
        "url": "https://github.com/sponsors/ljharb"
      }
    },
    "node_modules/hasown": {
      "version": "2.0.2",
      "resolved": "https://registry.npmjs.org/hasown/-/hasown-2.0.2.tgz",
      "integrity": "sha512-0hJU9SCPvmMzIBdZFqNPXWa6dqh7WdH0cII9y+CyS8rG3nL48Bclra9HmKhVVUHyPWNH5Y7xDwAB7bfgSjkUMQ==",
      "dependencies": {
        "function-bind": "^1.1.2"
      },
      "engines": {
        "node": ">= 0.4"
      }
    },
    "node_modules/inherits": {
      "version": "2.0.4",
      "resolved": "https://registry.npmjs.org/inherits/-/inherits-2.0.4.tgz",
      "integrity": "sha512-k/vGaX4/Yla3WzyMCvTQOXYeIHvqOKtnqBduzTHpzpQZzAskKMhZ2K+EnBiSM9zGSoIFeMpXKxa4dYeZIQqewQ=="
    },
    "node_modules/is-core-module": {
      "version": "2.16.1",
      "resolved": "https://registry.npmjs.org/is-core-module/-/is-core-module-2.16.1.tgz",
      "integrity": "sha512-UfoeMA6fIJ8wTYFEUjelnaGI67v6+N7qXJEvQuIGa99l4xsCruSYOVSQ0uPANn4dAzm8lkYPaKLrrijLq7x23w==",
      "dependencies": {
        "hasown": "^2.0.2"
      },
      "engines": {
        "node": ">= 0.4"
      },
      "funding": {
        "url": "https://github.com/sponsors/ljharb"
      }
    },
    "node_modules/isarray": {
      "version": "2.0.5",
      "resolved": "https://registry.npmjs.org/isarray/-/isarray-2.0.5.tgz",
      "integrity": "sha512-xHjhDr3cNBK0BzdUJSPXZntQUx/mwMS5Rw4A7lPJ90XGAO6ISP/ePDNuo0vhqOZU+UD5JoodwCAAoZQd3FeAKw=="
    },
    "node_modules/jss": {
      "version": "0.10.2",
      "resolved": "https://registry.npmjs.org/jss/-/jss-0.10.2.tgz",
      "integrity": "sha512-Xx7ZLblq+QsJacA+tLLeIfI1ytUot5FL9tg7sxPPQZT/I2qSoW+xg/zLBgma3bFqIgNrXN5o8rf7nH9EIl3cJg==",
      "dependencies": {
        "commander": "2.5.0",
        "css": "2.1.0"
      },
      "bin": {
        "jss": "bin/cli.js"
      }
    },
    "node_modules/motor": {
      "version": "0.1.4",
      "resolved": "https://registry.npmjs.org/motor/-/motor-0.1.4.tgz",
      "integrity": "sha512-gJ2O2+98WWrc5Gm8t26NDnXHSz5E90olt6RhqiG3vJ0AI+QLtWtEnef0kHKGkEBxLwpY/rWA+WnN95MNHYwPoQ==",
      "dependencies": {
        "army-knife": "^0.2.1",
        "famous": "git+https://github.com/trusktr/famous.git#trusktr",
        "famousify": "^0.1.5",
        "jss": "^0.10.1"
      }
    },
    "node_modules/path-parse": {
      "version": "1.0.7",
      "resolved": "https://registry.npmjs.org/path-parse/-/path-parse-1.0.7.tgz",
      "integrity": "sha512-LDJzPVEEEPR+y48z93A0Ed0yXb8pAByGWo/k5YYdYgpY2/2EsOsksJrq7lOHxryrVOn1ejG6oAp8ahvOIQD8sw=="
    },
    "node_modules/resolve": {
      "version": "1.22.11",
      "resolved": "https://registry.npmjs.org/resolve/-/resolve-1.22.11.tgz",
      "integrity": "sha512-RfqAvLnMl313r7c9oclB1HhUEAezcpLjz95wFH4LVuhk9JF/r22qmVP9AMmOU4vMX7Q8pN8jwNg/CSpdFnMjTQ==",
      "dependencies": {
        "is-core-module": "^2.16.1",
        "path-parse": "^1.0.7",
        "supports-preserve-symlinks-flag": "^1.0.0"
      },
      "bin": {
        "resolve": "bin/resolve"
      },
      "engines": {
        "node": ">= 0.4"
      },
      "funding": {
        "url": "https://github.com/sponsors/ljharb"
      }
    },
    "node_modules/resolve-url": {
      "version": "0.2.1",
      "resolved": "https://registry.npmjs.org/resolve-url/-/resolve-url-0.2.1.tgz",
      "integrity": "sha512-ZuF55hVUQaaczgOIwqWzkEcEidmlD/xl44x1UZnhOXcYuFN2S6+rcxpG+C1N3So0wvNI3DmJICUFfu2SxhBmvg==",
      "deprecated": "https://github.com/lydell/resolve-url#deprecated"
    },
    "node_modules/source-map": {
      "version": "0.7.6",
      "resolved": "https://registry.npmjs.org/source-map/-/source-map-0.7.6.tgz",
      "integrity": "sha512-i5uvt8C3ikiWeNZSVZNWcfZPItFQOsYTUAOkcUPGd8DqDy1uOUikjt5dG+uRlwyvR108Fb9DOd4GvXfT0N2/uQ==",
      "optional": true,
      "engines": {
        "node": ">= 12"
      }
    },
    "node_modules/source-map-resolve": {
      "version": "0.3.1",
      "resolved": "https://registry.npmjs.org/source-map-resolve/-/source-map-resolve-0.3.1.tgz",
      "integrity": "sha512-Z3zvKubKxN3rzPSpdzUYnUWyobg0dUxGp39DSpNzneqLRtAhQEJSK+xiVFjf1ZJM4fNpP0o3oT5RYwrbNJkFyA==",
      "deprecated": "See https://github.com/lydell/source-map-resolve#deprecated",
      "dependencies": {
        "atob": "~1.1.0",
        "resolve-url": "~0.2.1",
        "source-map-url": "~0.3.0",
        "urix": "~0.1.0"
      }
    },
    "node_modules/source-map-url": {
      "version": "0.3.0",
      "resolved": "https://registry.npmjs.org/source-map-url/-/source-map-url-0.3.0.tgz",
      "integrity": "sha512-QU4fa0D6aSOmrT+7OHpUXw+jS84T0MLaQNtFs8xzLNe6Arj44Magd7WEbyVW5LNYoAPVV35aKs4azxIfVJrToQ==",
      "deprecated": "See https://github.com/lydell/source-map-url#deprecated"
    },
    "node_modules/supports-preserve-symlinks-flag": {
      "version": "1.0.0",
      "resolved": "https://registry.npmjs.org/supports-preserve-symlinks-flag/-/supports-preserve-symlinks-flag-1.0.0.tgz",
      "integrity": "sha512-ot0WnXS9fgdkgIcePe6RHNk1WA8+muPa6cSjeR3V8K27q9BB1rTE3R1p7Hv0z1ZyAc8s6Vvv8DIyWf681MAt0w==",
      "engines": {
        "node": ">= 0.4"
      },
      "funding": {
        "url": "https://github.com/sponsors/ljharb"
      }
    },
    "node_modules/through": {
      "version": "2.3.8",
      "resolved": "https://registry.npmjs.org/through/-/through-2.3.8.tgz",
      "integrity": "sha512-w89qg7PI8wAdvX60bMDP+bFoD5Dvhm9oLheFp5O4a2QF0cSBGsBX4qZmadPMvVqlLJBBci+WqGGOAPvcDeNSVg=="
    },
    "node_modules/urix": {
      "version": "0.1.0",
      "resolved": "https://registry.npmjs.org/urix/-/urix-0.1.0.tgz",
      "integrity": "sha512-Am1ousAhSLBeB9cG/7k7r2R0zj50uDRlZHPGbazid5s9rlF1F/QKYObEKSIunSjIOkJZqwRRLpvewjEkM7pSqg==",
      "deprecated": "Please see https://github.com/lydell/urix#deprecated"
    }
  }
}